
Microsoft Visual Studio Solution File, Format Version 12.00
# Visual Studio 15
VisualStudioVersion = 15.0.26014.0
MinimumVisualStudioVersion = 10.0.40219.1
Project("{D954291E-2A0B-460D-934E-DC6B0785DB48}") = "Hello", "Hello\Hello.shproj", "{4444B18D-2F2C-4603-9AC0-5FB6E9C17A89}"
EndProject
Project("{FAE04EC0-301F-11D3-BF4B-00C04F79EFBC}") = "Hello.Droid", "Hello.Droid\Hello.Droid.csproj", "{EB2378D9-F845-4967-A0AF-D61E229D0F6B}"
EndProject
Project("{FAE04EC0-301F-11D3-BF4B-00C04F79EFBC}") = "Hello.iOS", "Hello.iOS\Hello.iOS.csproj", "{68EFE6D4-33D5-43EC-B93F-69F3349A6C6E}"
EndProject
Project("{FAE04EC0-301F-11D3-BF4B-00C04F79EFBC}") = "Hello.UWP", "Hello.UWP\Hello.UWP.csproj", "{7E15B8AA-5770-4867-A14D-5820BBE9B946}"
EndProject
Global
	GlobalSection(SharedMSBuildProjectFiles) = preSolution
		Hello\Hello.projitems*{4444b18d-2f2c-4603-9ac0-5fb6e9c17a89}*SharedItemsImports = 13
		Hello\Hello.projitems*{68efe6d4-33d5-43ec-b93f-69f3349a6c6e}*SharedItemsImports = 4
		Hello\Hello.projitems*{7e15b8aa-5770-4867-a14d-5820bbe9b946}*SharedItemsImports = 4
		Hello\Hello.projitems*{eb2378d9-f845-4967-a0af-d61e229d0f6b}*SharedItemsImports = 4
	EndGlobalSection
	GlobalSection(SolutionConfigurationPlatforms) = preSolution
		Ad-Hoc|Any CPU = Ad-Hoc|Any CPU
		Ad-Hoc|ARM = Ad-Hoc|ARM
		Ad-Hoc|iPhone = Ad-Hoc|iPhone
		Ad-Hoc|iPhoneSimulator = Ad-Hoc|iPhoneSimulator
		Ad-Hoc|x64 = Ad-Hoc|x64
		Ad-Hoc|x86 = Ad-Hoc|x86
		AppStore|Any CPU = AppStore|Any CPU
		AppStore|ARM = AppStore|ARM
		AppStore|iPhone = AppStore|iPhone
		AppStore|iPhoneSimulator = AppStore|iPhoneSimulator
		AppStore|x64 = AppStore|x64
		AppStore|x86 = AppStore|x86
		Debug|Any CPU = Debug|Any CPU
		Debug|ARM = Debug|ARM
		Debug|iPhone = Debug|iPhone
		Debug|iPhoneSimulator = Debug|iPhoneSimulator
		Debug|x64 = Debug|x64
		Debug|x86 = Debug|x86
		Release|Any CPU = Release|Any CPU
		Release|ARM = Release|ARM
		Release|iPhone = Release|iPhone
		Release|iPhoneSimulator = Release|iPhoneSimulator
		Release|x64 = Release|x64
		Release|x86 = Release|x86
	EndGlobalSection
	GlobalSection(ProjectConfigurationPlatforms) = postSolution
		{EB2378D9-F845-4967-A0AF-D61E229D0F6B}.Ad-Hoc|Any CPU.ActiveCfg = Release|Any CPU
		{EB2378D9-F845-4967-A0AF-D61E229D0F6B}.Ad-Hoc|Any CPU.Build.0 = Release|Any CPU
		{EB2378D9-F845-4967-A0AF-D61E229D0F6B}.Ad-Hoc|Any CPU.Deploy.0 = Release|Any CPU
		{EB2378D9-F845-4967-A0AF-D61E229D0F6B}.Ad-Hoc|ARM.ActiveCfg = Release|Any CPU
		{EB2378D9-F845-4967-A0AF-D61E229D0F6B}.Ad-Hoc|ARM.Build.0 = Release|Any CPU
		{EB2378D9-F845-4967-A0AF-D61E229D0F6B}.Ad-Hoc|ARM.Deploy.0 = Release|Any CPU
		{EB2378D9-F845-4967-A0AF-D61E229D0F6B}.Ad-Hoc|iPhone.ActiveCfg = Release|Any CPU
		{EB2378D9-F845-4967-A0AF-D61E229D0F6B}.Ad-Hoc|iPhone.Build.0 = Release|Any CPU
		{EB2378D9-F845-4967-A0AF-D61E229D0F6B}.Ad-Hoc|iPhone.Deploy.0 = Release|Any CPU
		{EB2378D9-F845-4967-A0AF-D61E229D0F6B}.Ad-Hoc|iPhoneSimulator.ActiveCfg = Release|Any CPU
		{EB2378D9-F845-4967-A0AF-D61E229D0F6B}.Ad-Hoc|iPhoneSimulator.Build.0 = Release|Any CPU
		{EB2378D9-F845-4967-A0AF-D61E229D0F6B}.Ad-Hoc|iPhoneSimulator.Deploy.0 = Release|Any CPU
		{EB2378D9-F845-4967-A0AF-D61E229D0F6B}.Ad-Hoc|x64.ActiveCfg = Release|Any CPU
		{EB2378D9-F845-4967-A0AF-D61E229D0F6B}.Ad-Hoc|x64.Build.0 = Release|Any CPU
		{EB2378D9-F845-4967-A0AF-D61E229D0F6B}.Ad-Hoc|x64.Deploy.0 = Release|Any CPU
		{EB2378D9-F845-4967-A0AF-D61E229D0F6B}.Ad-Hoc|x86.ActiveCfg = Release|Any CPU
		{EB2378D9-F845-4967-A0AF-D61E229D0F6B}.Ad-Hoc|x86.Build.0 = Release|Any CPU
		{EB2378D9-F845-4967-A0AF-D61E229D0F6B}.Ad-Hoc|x86.Deploy.0 = Release|Any CPU
		{EB2378D9-F845-4967-A0AF-D61E229D0F6B}.AppStore|Any CPU.ActiveCfg = Release|Any CPU
		{EB2378D9-F845-4967-A0AF-D61E229D0F6B}.AppStore|Any CPU.Build.0 = Release|Any CPU
		{EB2378D9-F845-4967-A0AF-D61E229D0F6B}.AppStore|Any CPU.Deploy.0 = Release|Any CPU
		{EB2378D9-F845-4967-A0AF-D61E229D0F6B}.AppStore|ARM.ActiveCfg = Release|Any CPU
		{EB2378D9-F845-4967-A0AF-D61E229D0F6B}.AppStore|ARM.Build.0 = Release|Any CPU
		{EB2378D9-F845-4967-A0AF-D61E229D0F6B}.AppStore|ARM.Deploy.0 = Release|Any CPU
		{EB2378D9-F845-4967-A0AF-D61E229D0F6B}.AppStore|iPhone.ActiveCfg = Release|Any CPU
		{EB2378D9-F845-4967-A0AF-D61E229D0F6B}.AppStore|iPhone.Build.0 = Release|Any CPU
		{EB2378D9-F845-4967-A0AF-D61E229D0F6B}.AppStore|iPhone.Deploy.0 = Release|Any CPU
		{EB2378D9-F845-4967-A0AF-D61E229D0F6B}.AppStore|iPhoneSimulator.ActiveCfg = Release|Any CPU
		{EB2378D9-F845-4967-A0AF-D61E229D0F6B}.AppStore|iPhoneSimulator.Build.0 = Release|Any CPU
		{EB2378D9-F845-4967-A0AF-D61E229D0F6B}.AppStore|iPhoneSimulator.Deploy.0 = Release|Any CPU
		{EB2378D9-F845-4967-A0AF-D61E229D0F6B}.AppStore|x64.ActiveCfg = Release|Any CPU
		{EB2378D9-F845-4967-A0AF-D61E229D0F6B}.AppStore|x64.Build.0 = Release|Any CPU
		{EB2378D9-F845-4967-A0AF-D61E229D0F6B}.AppStore|x64.Deploy.0 = Release|Any CPU
		{EB2378D9-F845-4967-A0AF-D61E229D0F6B}.AppStore|x86.ActiveCfg = Release|Any CPU
		{EB2378D9-F845-4967-A0AF-D61E229D0F6B}.AppStore|x86.Build.0 = Release|Any CPU
		{EB2378D9-F845-4967-A0AF-D61E229D0F6B}.AppStore|x86.Deploy.0 = Release|Any CPU
		{EB2378D9-F845-4967-A0AF-D61E229D0F6B}.Debug|Any CPU.ActiveCfg = Debug|Any CPU
		{EB2378D9-F845-4967-A0AF-D61E229D0F6B}.Debug|Any CPU.Build.0 = Debug|Any CPU
		{EB2378D9-F845-4967-A0AF-D61E229D0F6B}.Debug|Any CPU.Deploy.0 = Debug|Any CPU
		{EB2378D9-F845-4967-A0AF-D61E229D0F6B}.Debug|ARM.ActiveCfg = Debug|Any CPU
		{EB2378D9-F845-4967-A0AF-D61E229D0F6B}.Debug|ARM.Build.0 = Debug|Any CPU
		{EB2378D9-F845-4967-A0AF-D61E229D0F6B}.Debug|ARM.Deploy.0 = Debug|Any CPU
		{EB2378D9-F845-4967-A0AF-D61E229D0F6B}.Debug|iPhone.ActiveCfg = Debug|Any CPU
		{EB2378D9-F845-4967-A0AF-D61E229D0F6B}.Debug|iPhone.Build.0 = Debug|Any CPU
		{EB2378D9-F845-4967-A0AF-D61E229D0F6B}.Debug|iPhone.Deploy.0 = Debug|Any CPU
		{EB2378D9-F845-4967-A0AF-D61E229D0F6B}.Debug|iPhoneSimulator.ActiveCfg = Debug|Any CPU
		{EB2378D9-F845-4967-A0AF-D61E229D0F6B}.Debug|iPhoneSimulator.Build.0 = Debug|Any CPU
		{EB2378D9-F845-4967-A0AF-D61E229D0F6B}.Debug|iPhoneSimulator.Deploy.0 = Debug|Any CPU
		{EB2378D9-F845-4967-A0AF-D61E229D0F6B}.Debug|x64.ActiveCfg = Debug|Any CPU
		{EB2378D9-F845-4967-A0AF-D61E229D0F6B}.Debug|x64.Build.0 = Debug|Any CPU
		{EB2378D9-F845-4967-A0AF-D61E229D0F6B}.Debug|x64.Deploy.0 = Debug|Any CPU
		{EB2378D9-F845-4967-A0AF-D61E229D0F6B}.Debug|x86.ActiveCfg = Debug|Any CPU
		{EB2378D9-F845-4967-A0AF-D61E229D0F6B}.Debug|x86.Build.0 = Debug|Any CPU
		{EB2378D9-F845-4967-A0AF-D61E229D0F6B}.Debug|x86.Deploy.0 = Debug|Any CPU
		{EB2378D9-F845-4967-A0AF-D61E229D0F6B}.Release|Any CPU.ActiveCfg = Release|Any CPU
		{EB2378D9-F845-4967-A0AF-D61E229D0F6B}.Release|Any CPU.Build.0 = Release|Any CPU
		{EB2378D9-F845-4967-A0AF-D61E229D0F6B}.Release|Any CPU.Deploy.0 = Release|Any CPU
		{EB2378D9-F845-4967-A0AF-D61E229D0F6B}.Release|ARM.ActiveCfg = Release|Any CPU
		{EB2378D9-F845-4967-A0AF-D61E229D0F6B}.Release|ARM.Build.0 = Release|Any CPU
		{EB2378D9-F845-4967-A0AF-D61E229D0F6B}.Release|ARM.Deploy.0 = Release|Any CPU
		{EB2378D9-F845-4967-A0AF-D61E229D0F6B}.Release|iPhone.ActiveCfg = Release|Any CPU
		{EB2378D9-F845-4967-A0AF-D61E229D0F6B}.Release|iPhone.Build.0 = Release|Any CPU
		{EB2378D9-F845-4967-A0AF-D61E229D0F6B}.Release|iPhone.Deploy.0 = Release|Any CPU
		{EB2378D9-F845-4967-A0AF-D61E229D0F6B}.Release|iPhoneSimulator.ActiveCfg = Release|Any CPU
		{EB2378D9-F845-4967-A0AF-D61E229D0F6B}.Release|iPhoneSimulator.Build.0 = Release|Any CPU
		{EB2378D9-F845-4967-A0AF-D61E229D0F6B}.Release|iPhoneSimulator.Deploy.0 = Release|Any CPU
		{EB2378D9-F845-4967-A0AF-D61E229D0F6B}.Release|x64.ActiveCfg = Release|Any CPU
		{EB2378D9-F845-4967-A0AF-D61E229D0F6B}.Release|x64.Build.0 = Release|Any CPU
		{EB2378D9-F845-4967-A0AF-D61E229D0F6B}.Release|x64.Deploy.0 = Release|Any CPU
		{EB2378D9-F845-4967-A0AF-D61E229D0F6B}.Release|x86.ActiveCfg = Release|Any CPU
		{EB2378D9-F845-4967-A0AF-D61E229D0F6B}.Release|x86.Build.0 = Release|Any CPU
		{EB2378D9-F845-4967-A0AF-D61E229D0F6B}.Release|x86.Deploy.0 = Release|Any CPU
		{68EFE6D4-33D5-43EC-B93F-69F3349A6C6E}.Ad-Hoc|Any CPU.ActiveCfg = Ad-Hoc|iPhone
		{68EFE6D4-33D5-43EC-B93F-69F3349A6C6E}.Ad-Hoc|ARM.ActiveCfg = Ad-Hoc|iPhone
		{68EFE6D4-33D5-43EC-B93F-69F3349A6C6E}.Ad-Hoc|iPhone.ActiveCfg = Ad-Hoc|iPhone
		{68EFE6D4-33D5-43EC-B93F-69F3349A6C6E}.Ad-Hoc|iPhone.Build.0 = Ad-Hoc|iPhone
		{68EFE6D4-33D5-43EC-B93F-69F3349A6C6E}.Ad-Hoc|iPhoneSimulator.ActiveCfg = Ad-Hoc|iPhoneSimulator
		{68EFE6D4-33D5-43EC-B93F-69F3349A6C6E}.Ad-Hoc|iPhoneSimulator.Build.0 = Ad-Hoc|iPhoneSimulator
		{68EFE6D4-33D5-43EC-B93F-69F3349A6C6E}.Ad-Hoc|x64.ActiveCfg = Ad-Hoc|iPhone
		{68EFE6D4-33D5-43EC-B93F-69F3349A6C6E}.Ad-Hoc|x86.ActiveCfg = Ad-Hoc|iPhone
		{68EFE6D4-33D5-43EC-B93F-69F3349A6C6E}.AppStore|Any CPU.ActiveCfg = AppStore|iPhone
		{68EFE6D4-33D5-43EC-B93F-69F3349A6C6E}.AppStore|ARM.ActiveCfg = AppStore|iPhone
		{68EFE6D4-33D5-43EC-B93F-69F3349A6C6E}.AppStore|iPhone.ActiveCfg = AppStore|iPhone
		{68EFE6D4-33D5-43EC-B93F-69F3349A6C6E}.AppStore|iPhone.Build.0 = AppStore|iPhone
		{68EFE6D4-33D5-43EC-B93F-69F3349A6C6E}.AppStore|iPhoneSimulator.ActiveCfg = AppStore|iPhoneSimulator
		{68EFE6D4-33D5-43EC-B93F-69F3349A6C6E}.AppStore|iPhoneSimulator.Build.0 = AppStore|iPhoneSimulator
		{68EFE6D4-33D5-43EC-B93F-69F3349A6C6E}.AppStore|x64.ActiveCfg = AppStore|iPhone
		{68EFE6D4-33D5-43EC-B93F-69F3349A6C6E}.AppStore|x86.ActiveCfg = AppStore|iPhone
		{68EFE6D4-33D5-43EC-B93F-69F3349A6C6E}.Debug|Any CPU.ActiveCfg = Debug|iPhone
		{68EFE6D4-33D5-43EC-B93F-69F3349A6C6E}.Debug|ARM.ActiveCfg = Debug|iPhone
		{68EFE6D4-33D5-43EC-B93F-69F3349A6C6E}.Debug|iPhone.ActiveCfg = Debug|iPhone
		{68EFE6D4-33D5-43EC-B93F-69F3349A6C6E}.Debug|iPhone.Build.0 = Debug|iPhone
		{68EFE6D4-33D5-43EC-B93F-69F3349A6C6E}.Debug|iPhoneSimulator.ActiveCfg = Debug|iPhoneSimulator
		{68EFE6D4-33D5-43EC-B93F-69F3349A6C6E}.Debug|iPhoneSimulator.Build.0 = Debug|iPhoneSimulator
		{68EFE6D4-33D5-43EC-B93F-69F3349A6C6E}.Debug|x64.ActiveCfg = Debug|iPhone
		{68EFE6D4-33D5-43EC-B93F-69F3349A6C6E}.Debug|x86.ActiveCfg = Debug|iPhone
		{68EFE6D4-33D5-43EC-B93F-69F3349A6C6E}.Release|Any CPU.ActiveCfg = Release|iPhone
		{68EFE6D4-33D5-43EC-B93F-69F3349A6C6E}.Release|ARM.ActiveCfg = Release|iPhone
		{68EFE6D4-33D5-43EC-B93F-69F3349A6C6E}.Release|iPhone.ActiveCfg = Release|iPhone
		{68EFE6D4-33D5-43EC-B93F-69F3349A6C6E}.Release|iPhone.Build.0 = Release|iPhone
		{68EFE6D4-33D5-43EC-B93F-69F3349A6C6E}.Release|iPhoneSimulator.ActiveCfg = Release|iPhoneSimulator
		{68EFE6D4-33D5-43EC-B93F-69F3349A6C6E}.Release|iPhoneSimulator.Build.0 = Release|iPhoneSimulator
		{68EFE6D4-33D5-43EC-B93F-69F3349A6C6E}.Release|x64.ActiveCfg = Release|iPhone
		{68EFE6D4-33D5-43EC-B93F-69F3349A6C6E}.Release|x86.ActiveCfg = Release|iPhone
		{7E15B8AA-5770-4867-A14D-5820BBE9B946}.Ad-Hoc|Any CPU.ActiveCfg = Release|x86
		{7E15B8AA-5770-4867-A14D-5820BBE9B946}.Ad-Hoc|Any CPU.Build.0 = Release|x86
		{7E15B8AA-5770-4867-A14D-5820BBE9B946}.Ad-Hoc|Any CPU.Deploy.0 = Release|x86
		{7E15B8AA-5770-4867-A14D-5820BBE9B946}.Ad-Hoc|ARM.ActiveCfg = Release|ARM
		{7E15B8AA-5770-4867-A14D-5820BBE9B946}.Ad-Hoc|ARM.Build.0 = Release|ARM
		{7E15B8AA-5770-4867-A14D-5820BBE9B946}.Ad-Hoc|ARM.Deploy.0 = Release|ARM
		{7E15B8AA-5770-4867-A14D-5820BBE9B946}.Ad-Hoc|iPhone.ActiveCfg = Release|x86
		{7E15B8AA-5770-4867-A14D-5820BBE9B946}.Ad-Hoc|iPhone.Build.0 = Release|x86
		{7E15B8AA-5770-4867-A14D-5820BBE9B946}.Ad-Hoc|iPhone.Deploy.0 = Release|x86
		{7E15B8AA-5770-4867-A14D-5820BBE9B946}.Ad-Hoc|iPhoneSimulator.ActiveCfg = Release|x86
		{7E15B8AA-5770-4867-A14D-5820BBE9B946}.Ad-Hoc|iPhoneSimulator.Build.0 = Release|x86
		{7E15B8AA-5770-4867-A14D-5820BBE9B946}.Ad-Hoc|iPhoneSimulator.Deploy.0 = Release|x86
		{7E15B8AA-5770-4867-A14D-5820BBE9B946}.Ad-Hoc|x64.ActiveCfg = Release|x64
		{7E15B8AA-5770-4867-A14D-5820BBE9B946}.Ad-Hoc|x64.Build.0 = Release|x64
		{7E15B8AA-5770-4867-A14D-5820BBE9B946}.Ad-Hoc|x64.Deploy.0 = Release|x64
		{7E15B8AA-5770-4867-A14D-5820BBE9B946}.Ad-Hoc|x86.ActiveCfg = Release|x86
		{7E15B8AA-5770-4867-A14D-5820BBE9B946}.Ad-Hoc|x86.Build.0 = Release|x86
		{7E15B8AA-5770-4867-A14D-5820BBE9B946}.Ad-Hoc|x86.Deploy.0 = Release|x86
		{7E15B8AA-5770-4867-A14D-5820BBE9B946}.AppStore|Any CPU.ActiveCfg = Release|x86
		{7E15B8AA-5770-4867-A14D-5820BBE9B946}.AppStore|Any CPU.Build.0 = Release|x86
		{7E15B8AA-5770-4867-A14D-5820BBE9B946}.AppStore|Any CPU.Deploy.0 = Release|x86
		{7E15B8AA-5770-4867-A14D-5820BBE9B946}.AppStore|ARM.ActiveCfg = Release|ARM
		{7E15B8AA-5770-4867-A14D-5820BBE9B946}.AppStore|ARM.Build.0 = Release|ARM
		{7E15B8AA-5770-4867-A14D-5820BBE9B946}.AppStore|ARM.Deploy.0 = Release|ARM
		{7E15B8AA-5770-4867-A14D-5820BBE9B946}.AppStore|iPhone.ActiveCfg = Release|x86
		{7E15B8AA-5770-4867-A14D-5820BBE9B946}.AppStore|iPhone.Build.0 = Release|x86
		{7E15B8AA-5770-4867-A14D-5820BBE9B946}.AppStore|iPhone.Deploy.0 = Release|x86
		{7E15B8AA-5770-4867-A14D-5820BBE9B946}.AppStore|iPhoneSimulator.ActiveCfg = Release|x86
		{7E15B8AA-5770-4867-A14D-5820BBE9B946}.AppStore|iPhoneSimulator.Build.0 = Release|x86
		{7E15B8AA-5770-4867-A14D-5820BBE9B946}.AppStore|iPhoneSimulator.Deploy.0 = Release|x86
		{7E15B8AA-5770-4867-A14D-5820BBE9B946}.AppStore|x64.ActiveCfg = Release|x64
		{7E15B8AA-5770-4867-A14D-5820BBE9B946}.AppStore|x64.Build.0 = Release|x64
		{7E15B8AA-5770-4867-A14D-5820BBE9B946}.AppStore|x64.Deploy.0 = Release|x64
		{7E15B8AA-5770-4867-A14D-5820BBE9B946}.AppStore|x86.ActiveCfg = Release|x86
		{7E15B8AA-5770-4867-A14D-5820BBE9B946}.AppStore|x86.Build.0 = Release|x86
		{7E15B8AA-5770-4867-A14D-5820BBE9B946}.AppStore|x86.Deploy.0 = Release|x86
		{7E15B8AA-5770-4867-A14D-5820BBE9B946}.Debug|Any CPU.ActiveCfg = Debug|x86
		{7E15B8AA-5770-4867-A14D-5820BBE9B946}.Debug|ARM.ActiveCfg = Debug|ARM
		{7E15B8AA-5770-4867-A14D-5820BBE9B946}.Debug|ARM.Build.0 = Debug|ARM
		{7E15B8AA-5770-4867-A14D-5820BBE9B946}.Debug|ARM.Deploy.0 = Debug|ARM
		{7E15B8AA-5770-4867-A14D-5820BBE9B946}.Debug|iPhone.ActiveCfg = Debug|x86
		{7E15B8AA-5770-4867-A14D-5820BBE9B946}.Debug|iPhoneSimulator.ActiveCfg = Debug|x86
		{7E15B8AA-5770-4867-A14D-5820BBE9B946}.Debug|x64.ActiveCfg = Debug|x64
		{7E15B8AA-5770-4867-A14D-5820BBE9B946}.Debug|x64.Build.0 = Debug|x64
		{7E15B8AA-5770-4867-A14D-5820BBE9B946}.Debug|x64.Deploy.0 = Debug|x64
		{7E15B8AA-5770-4867-A14D-5820BBE9B946}.Debug|x86.ActiveCfg = Debug|x86
		{7E15B8AA-5770-4867-A14D-5820BBE9B946}.Debug|x86.Build.0 = Debug|x86
		{7E15B8AA-5770-4867-A14D-5820BBE9B946}.Debug|x86.Deploy.0 = Debug|x86
		{7E15B8AA-5770-4867-A14D-5820BBE9B946}.Release|Any CPU.ActiveCfg = Release|x86
		{7E15B8AA-5770-4867-A14D-5820BBE9B946}.Release|ARM.ActiveCfg = Release|ARM
		{7E15B8AA-5770-4867-A14D-5820BBE9B946}.Release|ARM.Build.0 = Release|ARM
		{7E15B8AA-5770-4867-A14D-5820BBE9B946}.Release|ARM.Deploy.0 = Release|ARM
		{7E15B8AA-5770-4867-A14D-5820BBE9B946}.Release|iPhone.ActiveCfg = Release|x86
		{7E15B8AA-5770-4867-A14D-5820BBE9B946}.Release|iPhoneSimulator.ActiveCfg = Release|x86
		{7E15B8AA-5770-4867-A14D-5820BBE9B946}.Release|x64.ActiveCfg = Release|x64
		{7E15B8AA-5770-4867-A14D-5820BBE9B946}.Release|x64.Build.0 = Release|x64
		{7E15B8AA-5770-4867-A14D-5820BBE9B946}.Release|x64.Deploy.0 = Release|x64
		{7E15B8AA-5770-4867-A14D-5820BBE9B946}.Release|x86.ActiveCfg = Release|x86
		{7E15B8AA-5770-4867-A14D-5820BBE9B946}.Release|x86.Build.0 = Release|x86
		{7E15B8AA-5770-4867-A14D-5820BBE9B946}.Release|x86.Deploy.0 = Release|x86
	EndGlobalSection
	GlobalSection(SolutionProperties) = preSolution
		HideSolutionNode = FALSE
	EndGlobalSection
EndGlobal
